{
  "version": "4",
  "specifiers": {
    "npm:@yurkimus/types@0.2.2": "0.2.2"
  },
  "npm": {
    "@yurkimus/curry@0.1.0": {
      "integrity": "sha512-1eCQhNMLDZQpF2iOgSk7B6Mmg9tM65TsTV4jPsf5nk0yrhIlvouggm0HSTreYsvqgaFZPHEg60N1LcU2smpIHQ=="
    },
    "@yurkimus/types@0.2.2": {
      "integrity": "sha512-c1EoaWvTwENOBoYFhcDrbpOO+XAy9AvfAIaMGLSWAIWsqbumqZg0v03OLgYlqvjiMEkB1sz9V94Es04UBMUEkg==",
      "dependencies": [
        "@yurkimus/curry"
      ]
    }
  },
  "workspace": {
    "dependencies": [
      "npm:@yurkimus/message@0.0.10",
      "npm:@yurkimus/types@0.2.2"
    ],
    "packageJson": {
      "dependencies": [
        "npm:@yurkimus/message@0.0.10",
        "npm:@yurkimus/types@0.2.2"
      ]
    }
  }
}
