{
  "name": "@yurkimus/response-status",
  "version": "0.0.3",
  "lockfileVersion": 3,
  "requires": true,
  "packages": {
    "": {
      "name": "@yurkimus/response-status",
      "version": "0.0.3",
      "dependencies": {
        "@yurkimus/message": "0.0.10",
        "@yurkimus/types": "0.2.2"
      }
    },
    "node_modules/@yurkimus/curry": {
      "version": "0.1.0",
      "resolved": "https://registry.npmjs.org/@yurkimus/curry/-/curry-0.1.0.tgz",
      "integrity": "sha512-1eCQhNMLDZQpF2iOgSk7B6Mmg9tM65TsTV4jPsf5nk0yrhIlvouggm0HSTreYsvqgaFZPHEg60N1LcU2smpIHQ=="
    },
    "node_modules/@yurkimus/message": {
      "version": "0.0.10",
      "resolved": "https://registry.npmjs.org/@yurkimus/message/-/message-0.0.10.tgz",
      "integrity": "sha512-ZAr7r0ghat64WXLWMYT7tbPi3LO8qAMkelidxyN+b+ezMSQUQZ/goX2iKrFL0IMOGb6r2dKydV73+AbK7NS+Xw==",
      "dependencies": {
        "@yurkimus/types": "0.2.2"
      }
    },
    "node_modules/@yurkimus/types": {
      "version": "0.2.2",
      "resolved": "https://registry.npmjs.org/@yurkimus/types/-/types-0.2.2.tgz",
      "integrity": "sha512-c1EoaWvTwENOBoYFhcDrbpOO+XAy9AvfAIaMGLSWAIWsqbumqZg0v03OLgYlqvjiMEkB1sz9V94Es04UBMUEkg==",
      "dependencies": {
        "@yurkimus/curry": "0.1.0"
      }
    }
  }
}
